PODS:
  - Alamofire (4.7.3)
  - FMDB (2.7.2):
    - FMDB/standard (= 2.7.2)
  - FMDB/standard (2.7.2)
  - LLDebugTool (1.1.6):
    - FMDB

DEPENDENCIES:
  - Alamofire (~> 4.7)
  - LLDebugTool (= 1.1.6)

SPEC REPOS:
  https://github.com/cocoapods/specs.git:
    - Alamofire
    - FMDB
    - LLDebugTool

SPEC CHECKSUMS:
  Alamofire: c7287b6e5d7da964a70935e5db17046b7fde6568
  FMDB: 6198a90e7b6900cfc046e6bc0ef6ebb7be9236aa
  LLDebugTool: dd19ec34e300845e6169ba13a1878a367165f767

PODFILE CHECKSUM: b3348950fab6ea376e3dc1e3c69f283b115e1796

COCOAPODS: 1.5.3
